
Microsoft Visual Studio Solution File, Format Version 12.00
# Visual Studio Version 17
VisualStudioVersion = 17.12.35527.113 d17.12
MinimumVisualStudioVersion = 10.0.40219.1
Project("{FAE04EC0-301F-11D3-BF4B-00C04F79EFBC}") = "Reservations.Backend.WebApi", "Reservations.Backend.WebApi\Reservations.Backend.WebApi.csproj", "{9AED24EE-285C-43F8-9553-EA41EC65C54F}"
EndProject
Project("{FAE04EC0-301F-11D3-BF4B-00C04F79EFBC}") = "Reservations.Backend.DataEntity", "Reservations.Backend.DataEntity\Reservations.Backend.DataEntity.csproj", "{3BD78B4E-DABA-45AE-8584-F522BF7B3DFD}"
EndProject
Project("{FAE04EC0-301F-11D3-BF4B-00C04F79EFBC}") = "Reservations.Backend.Models", "Reservations.Backend.Models\Reservations.Backend.Models.csproj", "{12CD1E4C-11F4-4C88-9DBF-8BCE30B8ACC4}"
EndProject
Project("{FAE04EC0-301F-11D3-BF4B-00C04F79EFBC}") = "Reservations.backend.Data", "Reservations.backend.Data\Reservations.backend.Data.csproj", "{86B9C2D3-8192-4BCC-9081-A11D19A51466}"
EndProject
Project("{FAE04EC0-301F-11D3-BF4B-00C04F79EFBC}") = "Reservations.Backend.Service", "Reservations.Backend.Service\Reservations.Backend.Service.csproj", "{4680FD6B-391B-4DA7-9EF7-270B006F9E14}"
EndProject
Project("{FAE04EC0-301F-11D3-BF4B-00C04F79EFBC}") = "Reservations.Backend.Shared", "Reservations.Backend.Shared\Reservations.Backend.Shared.csproj", "{77EDEF67-50B3-451B-95EB-937FCE4A7032}"
EndProject
Project("{FAE04EC0-301F-11D3-BF4B-00C04F79EFBC}") = "Reservations.Backend.Infraestructure", "Reservations.Backend.Infraestructure\Reservations.Backend.Infraestructure.csproj", "{B5799600-69A7-4E49-B9EA-C092CC08DC8C}"
EndProject
Global
	GlobalSection(SolutionConfigurationPlatforms) = preSolution
		Debug|Any CPU = Debug|Any CPU
		Release|Any CPU = Release|Any CPU
	EndGlobalSection
	GlobalSection(ProjectConfigurationPlatforms) = postSolution
		{9AED24EE-285C-43F8-9553-EA41EC65C54F}.Debug|Any CPU.ActiveCfg = Debug|Any CPU
		{9AED24EE-285C-43F8-9553-EA41EC65C54F}.Debug|Any CPU.Build.0 = Debug|Any CPU
		{9AED24EE-285C-43F8-9553-EA41EC65C54F}.Release|Any CPU.ActiveCfg = Release|Any CPU
		{9AED24EE-285C-43F8-9553-EA41EC65C54F}.Release|Any CPU.Build.0 = Release|Any CPU
		{3BD78B4E-DABA-45AE-8584-F522BF7B3DFD}.Debug|Any CPU.ActiveCfg = Debug|Any CPU
		{3BD78B4E-DABA-45AE-8584-F522BF7B3DFD}.Debug|Any CPU.Build.0 = Debug|Any CPU
		{3BD78B4E-DABA-45AE-8584-F522BF7B3DFD}.Release|Any CPU.ActiveCfg = Release|Any CPU
		{3BD78B4E-DABA-45AE-8584-F522BF7B3DFD}.Release|Any CPU.Build.0 = Release|Any CPU
		{12CD1E4C-11F4-4C88-9DBF-8BCE30B8ACC4}.Debug|Any CPU.ActiveCfg = Debug|Any CPU
		{12CD1E4C-11F4-4C88-9DBF-8BCE30B8ACC4}.Debug|Any CPU.Build.0 = Debug|Any CPU
		{12CD1E4C-11F4-4C88-9DBF-8BCE30B8ACC4}.Release|Any CPU.ActiveCfg = Release|Any CPU
		{12CD1E4C-11F4-4C88-9DBF-8BCE30B8ACC4}.Release|Any CPU.Build.0 = Release|Any CPU
		{86B9C2D3-8192-4BCC-9081-A11D19A51466}.Debug|Any CPU.ActiveCfg = Debug|Any CPU
		{86B9C2D3-8192-4BCC-9081-A11D19A51466}.Debug|Any CPU.Build.0 = Debug|Any CPU
		{86B9C2D3-8192-4BCC-9081-A11D19A51466}.Release|Any CPU.ActiveCfg = Release|Any CPU
		{86B9C2D3-8192-4BCC-9081-A11D19A51466}.Release|Any CPU.Build.0 = Release|Any CPU
		{4680FD6B-391B-4DA7-9EF7-270B006F9E14}.Debug|Any CPU.ActiveCfg = Debug|Any CPU
		{4680FD6B-391B-4DA7-9EF7-270B006F9E14}.Debug|Any CPU.Build.0 = Debug|Any CPU
		{4680FD6B-391B-4DA7-9EF7-270B006F9E14}.Release|Any CPU.ActiveCfg = Release|Any CPU
		{4680FD6B-391B-4DA7-9EF7-270B006F9E14}.Release|Any CPU.Build.0 = Release|Any CPU
		{77EDEF67-50B3-451B-95EB-937FCE4A7032}.Debug|Any CPU.ActiveCfg = Debug|Any CPU
		{77EDEF67-50B3-451B-95EB-937FCE4A7032}.Debug|Any CPU.Build.0 = Debug|Any CPU
		{77EDEF67-50B3-451B-95EB-937FCE4A7032}.Release|Any CPU.ActiveCfg = Release|Any CPU
		{77EDEF67-50B3-451B-95EB-937FCE4A7032}.Release|Any CPU.Build.0 = Release|Any CPU
		{B5799600-69A7-4E49-B9EA-C092CC08DC8C}.Debug|Any CPU.ActiveCfg = Debug|Any CPU
		{B5799600-69A7-4E49-B9EA-C092CC08DC8C}.Debug|Any CPU.Build.0 = Debug|Any CPU
		{B5799600-69A7-4E49-B9EA-C092CC08DC8C}.Release|Any CPU.ActiveCfg = Release|Any CPU
		{B5799600-69A7-4E49-B9EA-C092CC08DC8C}.Release|Any CPU.Build.0 = Release|Any CPU
	EndGlobalSection
	GlobalSection(SolutionProperties) = preSolution
		HideSolutionNode = FALSE
	EndGlobalSection
EndGlobal
